
Microsoft Visual Studio Solution File, Format Version 9.00
# Visual Studio 2005
Project("{FAE04EC0-301F-11D3-BF4B-00C04F79EFBC}") = "AtecMain", "AtecMain\AtecMain.csproj", "{FD130ACD-FCA8-4F2C-9185-4C1774A04169}"
EndProject
Project("{FAE04EC0-301F-11D3-BF4B-00C04F79EFBC}") = "SharedLib", "Shared\SharedLib\SharedLib.csproj", "{C0CC5E63-39A5-4A24-B509-B483563C4427}"
EndProject
Project("{54435603-DBB4-11D2-8724-00A0C9A8B90C}") = "ATEC EPROM", "ATEC EPROM Setup\ATEC EPROM Setup.vdproj", "{9DC57786-A03C-4DB4-AD32-A40F9E59AEF4}"
EndProject
Global
	GlobalSection(SourceCodeControl) = preSolution
		SccNumberOfProjects = 2
		SccLocalPath0 = .
		SccProjectUniqueName1 = ATEC\u0020EPROM\u0020Setup\\ATEC\u0020EPROM\u0020Setup.vdproj
		SccLocalPath1 = .
		SccProjectFilePathRelativizedFromConnection1 = ATEC\u0020EPROM\u0020Setup\\
	EndGlobalSection
	GlobalSection(SolutionConfigurationPlatforms) = preSolution
		Debug|Any CPU = Debug|Any CPU
		Release|Any CPU = Release|Any CPU
	EndGlobalSection
	GlobalSection(ProjectConfigurationPlatforms) = postSolution
		{FD130ACD-FCA8-4F2C-9185-4C1774A04169}.Debug|Any CPU.ActiveCfg = Debug|Any CPU
		{FD130ACD-FCA8-4F2C-9185-4C1774A04169}.Debug|Any CPU.Build.0 = Debug|Any CPU
		{FD130ACD-FCA8-4F2C-9185-4C1774A04169}.Release|Any CPU.ActiveCfg = Release|Any CPU
		{FD130ACD-FCA8-4F2C-9185-4C1774A04169}.Release|Any CPU.Build.0 = Release|Any CPU
		{C0CC5E63-39A5-4A24-B509-B483563C4427}.Debug|Any CPU.ActiveCfg = Debug|Any CPU
		{C0CC5E63-39A5-4A24-B509-B483563C4427}.Debug|Any CPU.Build.0 = Debug|Any CPU
		{C0CC5E63-39A5-4A24-B509-B483563C4427}.Release|Any CPU.ActiveCfg = Release|Any CPU
		{C0CC5E63-39A5-4A24-B509-B483563C4427}.Release|Any CPU.Build.0 = Release|Any CPU
		{9DC57786-A03C-4DB4-AD32-A40F9E59AEF4}.Debug|Any CPU.ActiveCfg = Debug
		{9DC57786-A03C-4DB4-AD32-A40F9E59AEF4}.Release|Any CPU.ActiveCfg = Release
	EndGlobalSection
	GlobalSection(SolutionProperties) = preSolution
		HideSolutionNode = FALSE
	EndGlobalSection
EndGlobal
